
Microsoft Visual Studio Solution File, Format Version 12.00
# Visual Studio Version 17
VisualStudioVersion = 17.9.34728.123
MinimumVisualStudioVersion = 10.0.40219.1
Project("{9A19103F-16F7-4668-BE54-9A1E7A4F7556}") = "CalculateMoney", "CalculateMoney\CalculateMoney.csproj", "{CA937149-6E46-445B-96F8-77974F35C928}"
EndProject
Global
	GlobalSection(SolutionConfigurationPlatforms) = preSolution
		Debug|Any CPU = Debug|Any CPU
		Release|Any CPU = Release|Any CPU
	EndGlobalSection
	GlobalSection(ProjectConfigurationPlatforms) = postSolution
		{CA937149-6E46-445B-96F8-77974F35C928}.Debug|Any CPU.ActiveCfg = Debug|Any CPU
		{CA937149-6E46-445B-96F8-77974F35C928}.Debug|Any CPU.Build.0 = Debug|Any CPU
		{CA937149-6E46-445B-96F8-77974F35C928}.Release|Any CPU.ActiveCfg = Release|Any CPU
		{CA937149-6E46-445B-96F8-77974F35C928}.Release|Any CPU.Build.0 = Release|Any CPU
	EndGlobalSection
	GlobalSection(SolutionProperties) = preSolution
		HideSolutionNode = FALSE
	EndGlobalSection
	GlobalSection(ExtensibilityGlobals) = postSolution
		SolutionGuid = {F914EA44-D6ED-4A46-8F4C-82A069013E5A}
	EndGlobalSection
EndGlobal
